
Microsoft Visual Studio Solution File, Format Version 12.00
# Visual Studio Version 17
VisualStudioVersion = 17.10.35027.167
MinimumVisualStudioVersion = 10.0.40219.1
Project("{9A19103F-16F7-4668-BE54-9A1E7A4F7556}") = "MinefieldGame", "MinefieldGame\MinefieldGame.csproj", "{DA223C2D-091C-4CBB-AF97-26424E0C46B3}"
EndProject
Project("{FAE04EC0-301F-11D3-BF4B-00C04F79EFBC}") = "MinefieldGameTests", "MinefieldGameTests\MinefieldGameTests.csproj", "{DDD11193-1403-4CB8-AFE8-7EB0C83EFA7B}"
EndProject
Global
	GlobalSection(SolutionConfigurationPlatforms) = preSolution
		Debug|Any CPU = Debug|Any CPU
		Release|Any CPU = Release|Any CPU
	EndGlobalSection
	GlobalSection(ProjectConfigurationPlatforms) = postSolution
		{DA223C2D-091C-4CBB-AF97-26424E0C46B3}.Debug|Any CPU.ActiveCfg = Debug|Any CPU
		{DA223C2D-091C-4CBB-AF97-26424E0C46B3}.Debug|Any CPU.Build.0 = Debug|Any CPU
		{DA223C2D-091C-4CBB-AF97-26424E0C46B3}.Release|Any CPU.ActiveCfg = Release|Any CPU
		{DA223C2D-091C-4CBB-AF97-26424E0C46B3}.Release|Any CPU.Build.0 = Release|Any CPU
		{DDD11193-1403-4CB8-AFE8-7EB0C83EFA7B}.Debug|Any CPU.ActiveCfg = Debug|Any CPU
		{DDD11193-1403-4CB8-AFE8-7EB0C83EFA7B}.Debug|Any CPU.Build.0 = Debug|Any CPU
		{DDD11193-1403-4CB8-AFE8-7EB0C83EFA7B}.Release|Any CPU.ActiveCfg = Release|Any CPU
		{DDD11193-1403-4CB8-AFE8-7EB0C83EFA7B}.Release|Any CPU.Build.0 = Release|Any CPU
	EndGlobalSection
	GlobalSection(SolutionProperties) = preSolution
		HideSolutionNode = FALSE
	EndGlobalSection
	GlobalSection(ExtensibilityGlobals) = postSolution
		SolutionGuid = {5C9138CB-8D67-4845-A3AC-6C86DBADD0F2}
	EndGlobalSection
EndGlobal
